// !$*UTF8*$!
{
	archiveVersion = 1;
	classes = {
	};
	objectVersion = 51;
	objects = {

/* Begin PBXBuildFile section */
		0B72BD9725FB46A100FA1CBC /* AppDelegate.swift in Sources */ = {isa = PBXBuildFile; fileRef = 0B72BD9625FB46A100FA1CBC /* AppDelegate.swift */; };
		0B72BD9B25FB46A100FA1CBC /* mainVC.swift in Sources */ = {isa = PBXBuildFile; fileRef = 0B72BD9A25FB46A100FA1CBC /* mainVC.swift */; };
		0B72BD9E25FB46A100FA1CBC /* Main.storyboard in Resources */ = {isa = PBXBuildFile; fileRef = 0B72BD9C25FB46A100FA1CBC /* Main.storyboard */; };
		0B72BDA025FB46A400FA1CBC /* Assets.xcassets in Resources */ = {isa = PBXBuildFile; fileRef = 0B72BD9F25FB46A400FA1CBC /* Assets.xcassets */; };
		0B72BDA325FB46A400FA1CBC /* LaunchScreen.storyboard in Resources */ = {isa = PBXBuildFile; fileRef = 0B72BDA125FB46A400FA1CBC /* LaunchScreen.storyboard */; };
		0B79373425FEF9B000E2B5B1 /* BaseVC.swift in Sources */ = {isa = PBXBuildFile; fileRef = 0B79373325FEF9B000E2B5B1 /* BaseVC.swift */; };
		0B79373E25FF019C00E2B5B1 /* ClearPhotoManager.swift in Sources */ = {isa = PBXBuildFile; fileRef = 0B79373D25FF019C00E2B5B1 /* ClearPhotoManager.swift */; };
		0B79377025FF3ECC00E2B5B1 /* File.swift in Sources */ = {isa = PBXBuildFile; fileRef = 0B79376F25FF3ECC00E2B5B1 /* File.swift */; };
		0B79378125FF40A500E2B5B1 /* BaseNav.swift in Sources */ = {isa = PBXBuildFile; fileRef = 0B79378025FF40A500E2B5B1 /* BaseNav.swift */; };
		A474638815D5B6E9F18CA275 /* Pods_Cleaner.framework in Frameworks */ = {isa = PBXBuildFile; fileRef = C338EFFB927BAE1303726FCC /* Pods_Cleaner.framework */; };
/* End PBXBuildFile section */

/* Begin PBXFileReference section */
		0B72BD9325FB46A100FA1CBC /* Cleaner.app */ = {isa = PBXFileReference; explicitFileType = wrapper.application; includeInIndex = 0; path = Cleaner.app; sourceTree = BUILT_PRODUCTS_DIR; };
		0B72BD9625FB46A100FA1CBC /* AppDelegate.swift */ = {isa = PBXFileReference; lastKnownFileType = sourcecode.swift; path = AppDelegate.swift; sourceTree = "<group>"; };
		0B72BD9A25FB46A100FA1CBC /* mainVC.swift */ = {isa = PBXFileReference; lastKnownFileType = sourcecode.swift; path = mainVC.swift; sourceTree = "<group>"; };
		0B72BD9D25FB46A100FA1CBC /* Base */ = {isa = PBXFileReference; lastKnownFileType = file.storyboard; name = Base; path = Base.lproj/Main.storyboard; sourceTree = "<group>"; };
		0B72BD9F25FB46A400FA1CBC /* Assets.xcassets */ = {isa = PBXFileReference; lastKnownFileType = folder.assetcatalog; path = Assets.xcassets; sourceTree = "<group>"; };
		0B72BDA225FB46A400FA1CBC /* Base */ = {isa = PBXFileReference; lastKnownFileType = file.storyboard; name = Base; path = Base.lproj/LaunchScreen.storyboard; sourceTree = "<group>"; };
		0B72BDA425FB46A400FA1CBC /* Info.plist */ = {isa = PBXFileReference; lastKnownFileType = text.plist.xml; path = Info.plist; sourceTree = "<group>"; };
		0B79373325FEF9B000E2B5B1 /* BaseVC.swift */ = {isa = PBXFileReference; lastKnownFileType = sourcecode.swift; path = BaseVC.swift; sourceTree = "<group>"; };
		0B79373D25FF019C00E2B5B1 /* ClearPhotoManager.swift */ = {isa = PBXFileReference; lastKnownFileType = sourcecode.swift; path = ClearPhotoManager.swift; sourceTree = "<group>"; };
		0B79376F25FF3ECC00E2B5B1 /* File.swift */ = {isa = PBXFileReference; fileEncoding = 4; lastKnownFileType = sourcecode.swift; path = File.swift; sourceTree = "<group>"; };
		0B79377225FF3EFB00E2B5B1 /* Cleaner-Bridging-Header.h */ = {isa = PBXFileReference; lastKnownFileType = sourcecode.c.h; path = "Cleaner-Bridging-Header.h"; sourceTree = "<group>"; };
		0B79378025FF40A500E2B5B1 /* BaseNav.swift */ = {isa = PBXFileReference; fileEncoding = 4; lastKnownFileType = sourcecode.swift; path = BaseNav.swift; sourceTree = "<group>"; };
		1C0C74F26169EB50AE5412D8 /* Pods-Cleaner.release.xcconfig */ = {isa = PBXFileReference; includeInIndex = 1; lastKnownFileType = text.xcconfig; name = "Pods-Cleaner.release.xcconfig"; path = "Target Support Files/Pods-Cleaner/Pods-Cleaner.release.xcconfig"; sourceTree = "<group>"; };
		C338EFFB927BAE1303726FCC /* Pods_Cleaner.framework */ = {isa = PBXFileReference; explicitFileType = wrapper.framework; includeInIndex = 0; path = Pods_Cleaner.framework; sourceTree = BUILT_PRODUCTS_DIR; };
		D0CA1EA0DA5BCD9B6E3C64ED /* Pods-Cleaner.debug.xcconfig */ = {isa = PBXFileReference; includeInIndex = 1; lastKnownFileType = text.xcconfig; name = "Pods-Cleaner.debug.xcconfig"; path = "Target Support Files/Pods-Cleaner/Pods-Cleaner.debug.xcconfig"; sourceTree = "<group>"; };
/* End PBXFileReference section */

/* Begin PBXFrameworksBuildPhase section */
		0B72BD9025FB46A100FA1CBC /* Frameworks */ = {
			isa = PBXFrameworksBuildPhase;
			buildActionMask = 2147483647;
			files = (
				A474638815D5B6E9F18CA275 /* Pods_Cleaner.framework in Frameworks */,
			);
			runOnlyForDeploymentPostprocessing = 0;
		};
/* End PBXFrameworksBuildPhase section */

/* Begin PBXGroup section */
		0B72BD8A25FB46A100FA1CBC = {
			isa = PBXGroup;
			children = (
				0B72BD9525FB46A100FA1CBC /* Cleaner */,
				0B72BD9425FB46A100FA1CBC /* Products */,
				B36D503152C0FEE629B9955E /* Pods */,
				9A5E119EE0B7D396B28743CC /* Frameworks */,
			);
			sourceTree = "<group>";
		};
		0B72BD9425FB46A100FA1CBC /* Products */ = {
			isa = PBXGroup;
			children = (
				0B72BD9325FB46A100FA1CBC /* Cleaner.app */,
			);
			name = Products;
			sourceTree = "<group>";
		};
		0B72BD9525FB46A100FA1CBC /* Cleaner */ = {
			isa = PBXGroup;
			children = (
				0B79373C25FF015B00E2B5B1 /* Modules */,
				0B79373B25FF014900E2B5B1 /* PhotoManager */,
				0B79373825FF007400E2B5B1 /* Other */,
			);
			path = Cleaner;
			sourceTree = "<group>";
		};
		0B72BDAC25FB470800FA1CBC /* VC */ = {
			isa = PBXGroup;
			children = (
				0B72BD9A25FB46A100FA1CBC /* mainVC.swift */,
			);
			path = VC;
			sourceTree = "<group>";
		};
		0B72BDAD25FB470D00FA1CBC /* Model */ = {
			isa = PBXGroup;
			children = (
			);
			path = Model;
			sourceTree = "<group>";
		};
		0B72BDAE25FB471200FA1CBC /* View */ = {
			isa = PBXGroup;
			children = (
			);
			path = View;
			sourceTree = "<group>";
		};
		0B79373225FEF99100E2B5B1 /* Base */ = {
			isa = PBXGroup;
			children = (
				0B79373325FEF9B000E2B5B1 /* BaseVC.swift */,
				0B79378025FF40A500E2B5B1 /* BaseNav.swift */,
			);
			path = Base;
			sourceTree = "<group>";
		};
		0B79373825FF007400E2B5B1 /* Other */ = {
			isa = PBXGroup;
			children = (
				0B79376F25FF3ECC00E2B5B1 /* File.swift */,
				0B72BD9625FB46A100FA1CBC /* AppDelegate.swift */,
				0B72BD9C25FB46A100FA1CBC /* Main.storyboard */,
				0B72BD9F25FB46A400FA1CBC /* Assets.xcassets */,
				0B72BDA125FB46A400FA1CBC /* LaunchScreen.storyboard */,
				0B72BDA425FB46A400FA1CBC /* Info.plist */,
				0B79377225FF3EFB00E2B5B1 /* Cleaner-Bridging-Header.h */,
			);
			path = Other;
			sourceTree = "<group>";
		};
		0B79373B25FF014900E2B5B1 /* PhotoManager */ = {
			isa = PBXGroup;
			children = (
				0B79373D25FF019C00E2B5B1 /* ClearPhotoManager.swift */,
			);
			path = PhotoManager;
			sourceTree = "<group>";
		};
		0B79373C25FF015B00E2B5B1 /* Modules */ = {
			isa = PBXGroup;
			children = (
				0B79373225FEF99100E2B5B1 /* Base */,
				0B72BDAC25FB470800FA1CBC /* VC */,
				0B72BDAE25FB471200FA1CBC /* View */,
				0B72BDAD25FB470D00FA1CBC /* Model */,
			);
			path = Modules;
			sourceTree = "<group>";
		};
		9A5E119EE0B7D396B28743CC /* Frameworks */ = {
			isa = PBXGroup;
			children = (
				C338EFFB927BAE1303726FCC /* Pods_Cleaner.framework */,
			);
			name = Frameworks;
			sourceTree = "<group>";
		};
		B36D503152C0FEE629B9955E /* Pods */ = {
			isa = PBXGroup;
			children = (
				D0CA1EA0DA5BCD9B6E3C64ED /* Pods-Cleaner.debug.xcconfig */,
				1C0C74F26169EB50AE5412D8 /* Pods-Cleaner.release.xcconfig */,
			);
			path = Pods;
			sourceTree = "<group>";
		};
/* End PBXGroup section */

/* Begin PBXNativeTarget section */
		0B72BD9225FB46A100FA1CBC /* Cleaner */ = {
			isa = PBXNativeTarget;
			buildConfigurationList = 0B72BDA725FB46A400FA1CBC /* Build configuration list for PBXNativeTarget "Cleaner" */;
			buildPhases = (
				A4A97356F20307AD3BC56B02 /* [CP] Check Pods Manifest.lock */,
				0B72BD8F25FB46A100FA1CBC /* Sources */,
				0B72BD9025FB46A100FA1CBC /* Frameworks */,
				0B72BD9125FB46A100FA1CBC /* Resources */,
				8B991C3FD592BF741F2B1B1F /* [CP] Embed Pods Frameworks */,
			);
			buildRules = (
			);
			dependencies = (
			);
			name = Cleaner;
			productName = Cleaner;
			productReference = 0B72BD9325FB46A100FA1CBC /* Cleaner.app */;
			productType = "com.apple.product-type.application";
		};
/* End PBXNativeTarget section */

/* Begin PBXProject section */
		0B72BD8B25FB46A100FA1CBC /* Project object */ = {
			isa = PBXProject;
			attributes = {
				LastSwiftUpdateCheck = 1220;
				LastUpgradeCheck = 1220;
				TargetAttributes = {
					0B72BD9225FB46A100FA1CBC = {
						CreatedOnToolsVersion = 12.2;
						LastSwiftMigration = 1220;
					};
				};
			};
			buildConfigurationList = 0B72BD8E25FB46A100FA1CBC /* Build configuration list for PBXProject "Cleaner" */;
			compatibilityVersion = "Xcode 9.3";
			developmentRegion = en;
			hasScannedForEncodings = 0;
			knownRegions = (
				en,
				Base,
			);
			mainGroup = 0B72BD8A25FB46A100FA1CBC;
			productRefGroup = 0B72BD9425FB46A100FA1CBC /* Products */;
			projectDirPath = "";
			projectRoot = "";
			targets = (
				0B72BD9225FB46A100FA1CBC /* Cleaner */,
			);
		};
/* End PBXProject section */

/* Begin PBXResourcesBuildPhase section */
		0B72BD9125FB46A100FA1CBC /* Resources */ = {
			isa = PBXResourcesBuildPhase;
			buildActionMask = 2147483647;
			files = (
				0B72BDA325FB46A400FA1CBC /* LaunchScreen.storyboard in Resources */,
				0B72BDA025FB46A400FA1CBC /* Assets.xcassets in Resources */,
				0B72BD9E25FB46A100FA1CBC /* Main.storyboard in Resources */,
			);
			runOnlyForDeploymentPostprocessing = 0;
		};
/* End PBXResourcesBuildPhase section */

/* Begin PBXShellScriptBuildPhase section */
		8B991C3FD592BF741F2B1B1F /* [CP] Embed Pods Frameworks */ = {
			isa = PBXShellScriptBuildPhase;
			buildActionMask = 2147483647;
			files = (
			);
			inputFileListPaths = (
				"${PODS_ROOT}/Target Support Files/Pods-Cleaner/Pods-Cleaner-frameworks-${CONFIGURATION}-input-files.xcfilelist",
			);
			name = "[CP] Embed Pods Frameworks";
			outputFileListPaths = (
				"${PODS_ROOT}/Target Support Files/Pods-Cleaner/Pods-Cleaner-frameworks-${CONFIGURATION}-output-files.xcfilelist",
			);
			runOnlyForDeploymentPostprocessing = 0;
			shellPath = /bin/sh;
			shellScript = "\"${PODS_ROOT}/Target Support Files/Pods-Cleaner/Pods-Cleaner-frameworks.sh\"\n";
			showEnvVarsInLog = 0;
		};
		A4A97356F20307AD3BC56B02 /* [CP] Check Pods Manifest.lock */ = {
			isa = PBXShellScriptBuildPhase;
			buildActionMask = 2147483647;
			files = (
			);
			inputFileListPaths = (
			);
			inputPaths = (
				"${PODS_PODFILE_DIR_PATH}/Podfile.lock",
				"${PODS_ROOT}/Manifest.lock",
			);
			name = "[CP] Check Pods Manifest.lock";
			outputFileListPaths = (
			);
			outputPaths = (
				"$(DERIVED_FILE_DIR)/Pods-Cleaner-checkManifestLockResult.txt",
			);
			runOnlyForDeploymentPostprocessing = 0;
			shellPath = /bin/sh;
			shellScript = "diff \"${PODS_PODFILE_DIR_PATH}/Podfile.lock\" \"${PODS_ROOT}/Manifest.lock\" > /dev/null\nif [ $? != 0 ] ; then\n    # print error to STDERR\n    echo \"error: The sandbox is not in sync with the Podfile.lock. Run 'pod install' or update your CocoaPods installation.\" >&2\n    exit 1\nfi\n# This output is used by Xcode 'outputs' to avoid re-running this script phase.\necho \"SUCCESS\" > \"${SCRIPT_OUTPUT_FILE_0}\"\n";
			showEnvVarsInLog = 0;
		};
/* End PBXShellScriptBuildPhase section */

/* Begin PBXSourcesBuildPhase section */
		0B72BD8F25FB46A100FA1CBC /* Sources */ = {
			isa = PBXSourcesBuildPhase;
			buildActionMask = 2147483647;
			files = (
				0B79377025FF3ECC00E2B5B1 /* File.swift in Sources */,
				0B79378125FF40A500E2B5B1 /* BaseNav.swift in Sources */,
				0B72BD9B25FB46A100FA1CBC /* mainVC.swift in Sources */,
				0B79373425FEF9B000E2B5B1 /* BaseVC.swift in Sources */,
				0B79373E25FF019C00E2B5B1 /* ClearPhotoManager.swift in Sources */,
				0B72BD9725FB46A100FA1CBC /* AppDelegate.swift in Sources */,
			);
			runOnlyForDeploymentPostprocessing = 0;
		};
/* End PBXSourcesBuildPhase section */

/* Begin PBXVariantGroup section */
		0B72BD9C25FB46A100FA1CBC /* Main.storyboard */ = {
			isa = PBXVariantGroup;
			children = (
				0B72BD9D25FB46A100FA1CBC /* Base */,
			);
			name = Main.storyboard;
			sourceTree = "<group>";
		};
		0B72BDA125FB46A400FA1CBC /* LaunchScreen.storyboard */ = {
			isa = PBXVariantGroup;
			children = (
				0B72BDA225FB46A400FA1CBC /* Base */,
			);
			name = LaunchScreen.storyboard;
			sourceTree = "<group>";
		};
/* End PBXVariantGroup section */

/* Begin XCBuildConfiguration section */
		0B72BDA525FB46A400FA1CBC /* Debug */ = {
			isa = XCBuildConfiguration;
			buildSettings = {
				ALWAYS_SEARCH_USER_PATHS = NO;
				CLANG_ANALYZER_NONNULL = YES;
				CLANG_ANALYZER_NUMBER_OBJECT_CONVERSION = YES_AGGRESSIVE;
				CLANG_CXX_LANGUAGE_STANDARD = "gnu++14";
				CLANG_CXX_LIBRARY = "libc++";
				CLANG_ENABLE_MODULES = YES;
				CLANG_ENABLE_OBJC_ARC = YES;
				CLANG_ENABLE_OBJC_WEAK = YES;
				CLANG_WARN_BLOCK_CAPTURE_AUTORELEASING = YES;
				CLANG_WARN_BOOL_CONVERSION = YES;
				CLANG_WARN_COMMA = YES;
				CLANG_WARN_CONSTANT_CONVERSION = YES;
				CLANG_WARN_DEPRECATED_OBJC_IMPLEMENTATIONS = YES;
				CLANG_WARN_DIRECT_OBJC_ISA_USAGE = YES_ERROR;
				CLANG_WARN_DOCUMENTATION_COMMENTS = YES;
				CLANG_WARN_EMPTY_BODY = YES;
				CLANG_WARN_ENUM_CONVERSION = YES;
				CLANG_WARN_INFINITE_RECURSION = YES;
				CLANG_WARN_INT_CONVERSION = YES;
				CLANG_WARN_NON_LITERAL_NULL_CONVERSION = YES;
				CLANG_WARN_OBJC_IMPLICIT_RETAIN_SELF = YES;
				CLANG_WARN_OBJC_LITERAL_CONVERSION = YES;
				CLANG_WARN_OBJC_ROOT_CLASS = YES_ERROR;
				CLANG_WARN_QUOTED_INCLUDE_IN_FRAMEWORK_HEADER = YES;
				CLANG_WARN_RANGE_LOOP_ANALYSIS = YES;
				CLANG_WARN_STRICT_PROTOTYPES = YES;
				CLANG_WARN_SUSPICIOUS_MOVE = YES;
				CLANG_WARN_UNGUARDED_AVAILABILITY = YES_AGGRESSIVE;
				CLANG_WARN_UNREACHABLE_CODE = YES;
				CLANG_WARN__DUPLICATE_METHOD_MATCH = YES;
				COPY_PHASE_STRIP = NO;
				DEBUG_INFORMATION_FORMAT = dwarf;
				ENABLE_STRICT_OBJC_MSGSEND = YES;
				ENABLE_TESTABILITY = YES;
				GCC_C_LANGUAGE_STANDARD = gnu11;
				GCC_DYNAMIC_NO_PIC = NO;
				GCC_NO_COMMON_BLOCKS = YES;
				GCC_OPTIMIZATION_LEVEL = 0;
				GCC_PREPROCESSOR_DEFINITIONS = (
					"DEBUG=1",
					"$(inherited)",
				);
				GCC_WARN_64_TO_32_BIT_CONVERSION = YES;
				GCC_WARN_ABOUT_RETURN_TYPE = YES_ERROR;
				GCC_WARN_UNDECLARED_SELECTOR = YES;
				GCC_WARN_UNINITIALIZED_AUTOS = YES_AGGRESSIVE;
				GCC_WARN_UNUSED_FUNCTION = YES;
				GCC_WARN_UNUSED_VARIABLE = YES;
				IPHONEOS_DEPLOYMENT_TARGET = 14.2;
				MTL_ENABLE_DEBUG_INFO = INCLUDE_SOURCE;
				MTL_FAST_MATH = YES;
				ONLY_ACTIVE_ARCH = YES;
				SDKROOT = iphoneos;
				SWIFT_ACTIVE_COMPILATION_CONDITIONS = DEBUG;
				SWIFT_OPTIMIZATION_LEVEL = "-Onone";
			};
			name = Debug;
		};
		0B72BDA625FB46A400FA1CBC /* Release */ = {
			isa = XCBuildConfiguration;
			buildSettings = {
				ALWAYS_SEARCH_USER_PATHS = NO;
				CLANG_ANALYZER_NONNULL = YES;
				CLANG_ANALYZER_NUMBER_OBJECT_CONVERSION = YES_AGGRESSIVE;
				CLANG_CXX_LANGUAGE_STANDARD = "gnu++14";
				CLANG_CXX_LIBRARY = "libc++";
				CLANG_ENABLE_MODULES = YES;
				CLANG_ENABLE_OBJC_ARC = YES;
				CLANG_ENABLE_OBJC_WEAK = YES;
				CLANG_WARN_BLOCK_CAPTURE_AUTORELEASING = YES;
				CLANG_WARN_BOOL_CONVERSION = YES;
				CLANG_WARN_COMMA = YES;
				CLANG_WARN_CONSTANT_CONVERSION = YES;
				CLANG_WARN_DEPRECATED_OBJC_IMPLEMENTATIONS = YES;
				CLANG_WARN_DIRECT_OBJC_ISA_USAGE = YES_ERROR;
				CLANG_WARN_DOCUMENTATION_COMMENTS = YES;
				CLANG_WARN_EMPTY_BODY = YES;
				CLANG_WARN_ENUM_CONVERSION = YES;
				CLANG_WARN_INFINITE_RECURSION = YES;
				CLANG_WARN_INT_CONVERSION = YES;
				CLANG_WARN_NON_LITERAL_NULL_CONVERSION = YES;
				CLANG_WARN_OBJC_IMPLICIT_RETAIN_SELF = YES;
				CLANG_WARN_OBJC_LITERAL_CONVERSION = YES;
				CLANG_WARN_OBJC_ROOT_CLASS = YES_ERROR;
				CLANG_WARN_QUOTED_INCLUDE_IN_FRAMEWORK_HEADER = YES;
				CLANG_WARN_RANGE_LOOP_ANALYSIS = YES;
				CLANG_WARN_STRICT_PROTOTYPES = YES;
				CLANG_WARN_SUSPICIOUS_MOVE = YES;
				CLANG_WARN_UNGUARDED_AVAILABILITY = YES_AGGRESSIVE;
				CLANG_WARN_UNREACHABLE_CODE = YES;
				CLANG_WARN__DUPLICATE_METHOD_MATCH = YES;
				COPY_PHASE_STRIP = NO;
				DEBUG_INFORMATION_FORMAT = "dwarf-with-dsym";
				ENABLE_NS_ASSERTIONS = NO;
				ENABLE_STRICT_OBJC_MSGSEND = YES;
				GCC_C_LANGUAGE_STANDARD = gnu11;
				GCC_NO_COMMON_BLOCKS = YES;
				GCC_WARN_64_TO_32_BIT_CONVERSION = YES;
				GCC_WARN_ABOUT_RETURN_TYPE = YES_ERROR;
				GCC_WARN_UNDECLARED_SELECTOR = YES;
				GCC_WARN_UNINITIALIZED_AUTOS = YES_AGGRESSIVE;
				GCC_WARN_UNUSED_FUNCTION = YES;
				GCC_WARN_UNUSED_VARIABLE = YES;
				IPHONEOS_DEPLOYMENT_TARGET = 14.2;
				MTL_ENABLE_DEBUG_INFO = NO;
				MTL_FAST_MATH = YES;
				SDKROOT = iphoneos;
				SWIFT_COMPILATION_MODE = wholemodule;
				SWIFT_OPTIMIZATION_LEVEL = "-O";
				VALIDATE_PRODUCT = YES;
			};
			name = Release;
		};
		0B72BDA825FB46A400FA1CBC /* Debug */ = {
			isa = XCBuildConfiguration;
			baseConfigurationReference = D0CA1EA0DA5BCD9B6E3C64ED /* Pods-Cleaner.debug.xcconfig */;
			buildSettings = {
				ASSETCATALOG_COMPILER_APPICON_NAME = AppIcon;
				ASSETCATALOG_COMPILER_GLOBAL_ACCENT_COLOR_NAME = AccentColor;
				CLANG_ENABLE_MODULES = YES;
				CODE_SIGN_STYLE = Automatic;
				INFOPLIST_FILE = Cleaner/Other/Info.plist;
				LD_RUNPATH_SEARCH_PATHS = (
					"$(inherited)",
					"@executable_path/Frameworks",
				);
				PRODUCT_BUNDLE_IDENTIFIER = "-.Cleaner";
				PRODUCT_NAME = "$(TARGET_NAME)";
				SWIFT_OBJC_BRIDGING_HEADER = "Cleaner/Other/Cleaner-Bridging-Header.h";
				SWIFT_OPTIMIZATION_LEVEL = "-Onone";
				SWIFT_VERSION = 5.0;
				TARGETED_DEVICE_FAMILY = "1,2";
			};
			name = Debug;
		};
		0B72BDA925FB46A400FA1CBC /* Release */ = {
			isa = XCBuildConfiguration;
			baseConfigurationReference = 1C0C74F26169EB50AE5412D8 /* Pods-Cleaner.release.xcconfig */;
			buildSettings = {
				ASSETCATALOG_COMPILER_APPICON_NAME = AppIcon;
				ASSETCATALOG_COMPILER_GLOBAL_ACCENT_COLOR_NAME = AccentColor;
				CLANG_ENABLE_MODULES = YES;
				CODE_SIGN_STYLE = Automatic;
				INFOPLIST_FILE = Cleaner/Other/Info.plist;
				LD_RUNPATH_SEARCH_PATHS = (
					"$(inherited)",
					"@executable_path/Frameworks",
				);
				PRODUCT_BUNDLE_IDENTIFIER = "-.Cleaner";
				PRODUCT_NAME = "$(TARGET_NAME)";
				SWIFT_OBJC_BRIDGING_HEADER = "Cleaner/Other/Cleaner-Bridging-Header.h";
				SWIFT_VERSION = 5.0;
				TARGETED_DEVICE_FAMILY = "1,2";
			};
			name = Release;
		};
/* End XCBuildConfiguration section */

/* Begin XCConfigurationList section */
		0B72BD8E25FB46A100FA1CBC /* Build configuration list for PBXProject "Cleaner" */ = {
			isa = XCConfigurationList;
			buildConfigurations = (
				0B72BDA525FB46A400FA1CBC /* Debug */,
				0B72BDA625FB46A400FA1CBC /* Release */,
			);
			defaultConfigurationIsVisible = 0;
			defaultConfigurationName = Release;
		};
		0B72BDA725FB46A400FA1CBC /* Build configuration list for PBXNativeTarget "Cleaner" */ = {
			isa = XCConfigurationList;
			buildConfigurations = (
				0B72BDA825FB46A400FA1CBC /* Debug */,
				0B72BDA925FB46A400FA1CBC /* Release */,
			);
			defaultConfigurationIsVisible = 0;
			defaultConfigurationName = Release;
		};
/* End XCConfigurationList section */
	};
	rootObject = 0B72BD8B25FB46A100FA1CBC /* Project object */;
}
